// !$*UTF8*$!
{
	archiveVersion = 1;
	classes = {
	};
	objectVersion = 46;
	objects = {

/* Begin PBXBuildFile section */
		5972650A1D8308AF0067EFB0 /* main.m in Sources */ = {isa = PBXBuildFile; fileRef = 597265091D8308AF0067EFB0 /* main.m */; };
		5972650D1D8308AF0067EFB0 /* AppDelegate.m in Sources */ = {isa = PBXBuildFile; fileRef = 5972650C1D8308AF0067EFB0 /* AppDelegate.m */; };
		597265101D8308AF0067EFB0 /* ViewController.m in Sources */ = {isa = PBXBuildFile; fileRef = 5972650F1D8308AF0067EFB0 /* ViewController.m */; };
		597265131D8308AF0067EFB0 /* Main.storyboard in Resources */ = {isa = PBXBuildFile; fileRef = 597265111D8308AF0067EFB0 /* Main.storyboard */; };
		597265151D8308AF0067EFB0 /* Assets.xcassets in Resources */ = {isa = PBXBuildFile; fileRef = 597265141D8308AF0067EFB0 /* Assets.xcassets */; };
		597265181D8308B00067EFB0 /* LaunchScreen.storyboard in Resources */ = {isa = PBXBuildFile; fileRef = 597265161D8308B00067EFB0 /* LaunchScreen.storyboard */; };
		597265211D8308C50067EFB0 /* VerificationCodeView.m in Sources */ = {isa = PBXBuildFile; fileRef = 597265201D8308C50067EFB0 /* VerificationCodeView.m */; };
/* End PBXBuildFile section */

/* Begin PBXFileReference section */
		597265051D8308AF0067EFB0 /* verificationCode.app */ = {isa = PBXFileReference; explicitFileType = wrapper.application; includeInIndex = 0; path = verificationCode.app; sourceTree = BUILT_PRODUCTS_DIR; };
		597265091D8308AF0067EFB0 /* main.m */ = {isa = PBXFileReference; lastKnownFileType = sourcecode.c.objc; path = main.m; sourceTree = "<group>"; };
		5972650B1D8308AF0067EFB0 /* AppDelegate.h */ = {isa = PBXFileReference; lastKnownFileType = sourcecode.c.h; path = AppDelegate.h; sourceTree = "<group>"; };
		5972650C1D8308AF0067EFB0 /* AppDelegate.m */ = {isa = PBXFileReference; lastKnownFileType = sourcecode.c.objc; path = AppDelegate.m; sourceTree = "<group>"; };
		5972650E1D8308AF0067EFB0 /* ViewController.h */ = {isa = PBXFileReference; lastKnownFileType = sourcecode.c.h; path = ViewController.h; sourceTree = "<group>"; };
		5972650F1D8308AF0067EFB0 /* ViewController.m */ = {isa = PBXFileReference; lastKnownFileType = sourcecode.c.objc; path = ViewController.m; sourceTree = "<group>"; };
		597265121D8308AF0067EFB0 /* Base */ = {isa = PBXFileReference; lastKnownFileType = file.storyboard; name = Base; path = Base.lproj/Main.storyboard; sourceTree = "<group>"; };
		597265141D8308AF0067EFB0 /* Assets.xcassets */ = {isa = PBXFileReference; lastKnownFileType = folder.assetcatalog; path = Assets.xcassets; sourceTree = "<group>"; };
		597265171D8308B00067EFB0 /* Base */ = {isa = PBXFileReference; lastKnownFileType = file.storyboard; name = Base; path = Base.lproj/LaunchScreen.storyboard; sourceTree = "<group>"; };
		597265191D8308B00067EFB0 /* Info.plist */ = {isa = PBXFileReference; lastKnownFileType = text.plist.xml; path = Info.plist; sourceTree = "<group>"; };
		5972651F1D8308C50067EFB0 /* VerificationCodeView.h */ = {isa = PBXFileReference; fileEncoding = 4; lastKnownFileType = sourcecode.c.h; path = VerificationCodeView.h; sourceTree = "<group>"; };
		597265201D8308C50067EFB0 /* VerificationCodeView.m */ = {isa = PBXFileReference; fileEncoding = 4; lastKnownFileType = sourcecode.c.objc; path = VerificationCodeView.m; sourceTree = "<group>"; };
/* End PBXFileReference section */

/* Begin PBXFrameworksBuildPhase section */
		597265021D8308AF0067EFB0 /* Frameworks */ = {
			isa = PBXFrameworksBuildPhase;
			buildActionMask = 2147483647;
			files = (
			);
			runOnlyForDeploymentPostprocessing = 0;
		};
/* End PBXFrameworksBuildPhase section */

/* Begin PBXGroup section */
		597264FC1D8308AF0067EFB0 = {
			isa = PBXGroup;
			children = (
				597265071D8308AF0067EFB0 /* verificationCode */,
				597265061D8308AF0067EFB0 /* Products */,
			);
			sourceTree = "<group>";
		};
		597265061D8308AF0067EFB0 /* Products */ = {
			isa = PBXGroup;
			children = (
				597265051D8308AF0067EFB0 /* verificationCode.app */,
			);
			name = Products;
			sourceTree = "<group>";
		};
		597265071D8308AF0067EFB0 /* verificationCode */ = {
			isa = PBXGroup;
			children = (
				5972650B1D8308AF0067EFB0 /* AppDelegate.h */,
				5972650C1D8308AF0067EFB0 /* AppDelegate.m */,
				5972650E1D8308AF0067EFB0 /* ViewController.h */,
				5972650F1D8308AF0067EFB0 /* ViewController.m */,
				597265111D8308AF0067EFB0 /* Main.storyboard */,
				597265141D8308AF0067EFB0 /* Assets.xcassets */,
				597265161D8308B00067EFB0 /* LaunchScreen.storyboard */,
				597265191D8308B00067EFB0 /* Info.plist */,
				597265081D8308AF0067EFB0 /* Supporting Files */,
				5972651F1D8308C50067EFB0 /* VerificationCodeView.h */,
				597265201D8308C50067EFB0 /* VerificationCodeView.m */,
			);
			path = verificationCode;
			sourceTree = "<group>";
		};
		597265081D8308AF0067EFB0 /* Supporting Files */ = {
			isa = PBXGroup;
			children = (
				597265091D8308AF0067EFB0 /* main.m */,
			);
			name = "Supporting Files";
			sourceTree = "<group>";
		};
/* End PBXGroup section */

/* Begin PBXNativeTarget section */
		597265041D8308AF0067EFB0 /* verificationCode */ = {
			isa = PBXNativeTarget;
			buildConfigurationList = 5972651C1D8308B00067EFB0 /* Build configuration list for PBXNativeTarget "verificationCode" */;
			buildPhases = (
				597265011D8308AF0067EFB0 /* Sources */,
				597265021D8308AF0067EFB0 /* Frameworks */,
				597265031D8308AF0067EFB0 /* Resources */,
			);
			buildRules = (
			);
			dependencies = (
			);
			name = verificationCode;
			productName = verificationCode;
			productReference = 597265051D8308AF0067EFB0 /* verificationCode.app */;
			productType = "com.apple.product-type.application";
		};
/* End PBXNativeTarget section */

/* Begin PBXProject section */
		597264FD1D8308AF0067EFB0 /* Project object */ = {
			isa = PBXProject;
			attributes = {
				LastUpgradeCheck = 0720;
				ORGANIZATIONNAME = sam;
				TargetAttributes = {
					597265041D8308AF0067EFB0 = {
						CreatedOnToolsVersion = 7.2;
					};
				};
			};
			buildConfigurationList = 597265001D8308AF0067EFB0 /* Build configuration list for PBXProject "verificationCode" */;
			compatibilityVersion = "Xcode 3.2";
			developmentRegion = English;
			hasScannedForEncodings = 0;
			knownRegions = (
				en,
				Base,
			);
			mainGroup = 597264FC1D8308AF0067EFB0;
			productRefGroup = 597265061D8308AF0067EFB0 /* Products */;
			projectDirPath = "";
			projectRoot = "";
			targets = (
				597265041D8308AF0067EFB0 /* verificationCode */,
			);
		};
/* End PBXProject section */

/* Begin PBXResourcesBuildPhase section */
		597265031D8308AF0067EFB0 /* Resources */ = {
			isa = PBXResourcesBuildPhase;
			buildActionMask = 2147483647;
			files = (
				597265181D8308B00067EFB0 /* LaunchScreen.storyboard in Resources */,
				597265151D8308AF0067EFB0 /* Assets.xcassets in Resources */,
				597265131D8308AF0067EFB0 /* Main.storyboard in Resources */,
			);
			runOnlyForDeploymentPostprocessing = 0;
		};
/* End PBXResourcesBuildPhase section */

/* Begin PBXSourcesBuildPhase section */
		597265011D8308AF0067EFB0 /* Sources */ = {
			isa = PBXSourcesBuildPhase;
			buildActionMask = 2147483647;
			files = (
				597265101D8308AF0067EFB0 /* ViewController.m in Sources */,
				5972650D1D8308AF0067EFB0 /* AppDelegate.m in Sources */,
				597265211D8308C50067EFB0 /* VerificationCodeView.m in Sources */,
				5972650A1D8308AF0067EFB0 /* main.m in Sources */,
			);
			runOnlyForDeploymentPostprocessing = 0;
		};
/* End PBXSourcesBuildPhase section */

/* Begin PBXVariantGroup section */
		597265111D8308AF0067EFB0 /* Main.storyboard */ = {
			isa = PBXVariantGroup;
			children = (
				597265121D8308AF0067EFB0 /* Base */,
			);
			name = Main.storyboard;
			sourceTree = "<group>";
		};
		597265161D8308B00067EFB0 /* LaunchScreen.storyboard */ = {
			isa = PBXVariantGroup;
			children = (
				597265171D8308B00067EFB0 /* Base */,
			);
			name = LaunchScreen.storyboard;
			sourceTree = "<group>";
		};
/* End PBXVariantGroup section */

/* Begin XCBuildConfiguration section */
		5972651A1D8308B00067EFB0 /* Debug */ = {
			isa = XCBuildConfiguration;
			buildSettings = {
				ALWAYS_SEARCH_USER_PATHS = NO;
				CLANG_CXX_LANGUAGE_STANDARD = "gnu++0x";
				CLANG_CXX_LIBRARY = "libc++";
				CLANG_ENABLE_MODULES = YES;
				CLANG_ENABLE_OBJC_ARC = YES;
				CLANG_WARN_BOOL_CONVERSION = YES;
				CLANG_WARN_CONSTANT_CONVERSION = YES;
				CLANG_WARN_DIRECT_OBJC_ISA_USAGE = YES_ERROR;
				CLANG_WARN_EMPTY_BODY = YES;
				CLANG_WARN_ENUM_CONVERSION = YES;
				CLANG_WARN_INT_CONVERSION = YES;
				CLANG_WARN_OBJC_ROOT_CLASS = YES_ERROR;
				CLANG_WARN_UNREACHABLE_CODE = YES;
				CLANG_WARN__DUPLICATE_METHOD_MATCH = YES;
				"CODE_SIGN_IDENTITY[sdk=iphoneos*]" = "iPhone Developer";
				COPY_PHASE_STRIP = NO;
				DEBUG_INFORMATION_FORMAT = dwarf;
				ENABLE_STRICT_OBJC_MSGSEND = YES;
				ENABLE_TESTABILITY = YES;
				GCC_C_LANGUAGE_STANDARD = gnu99;
				GCC_DYNAMIC_NO_PIC = NO;
				GCC_NO_COMMON_BLOCKS = YES;
				GCC_OPTIMIZATION_LEVEL = 0;
				GCC_PREPROCESSOR_DEFINITIONS = (
					"DEBUG=1",
					"$(inherited)",
				);
				GCC_WARN_64_TO_32_BIT_CONVERSION = YES;
				GCC_WARN_ABOUT_RETURN_TYPE = YES_ERROR;
				GCC_WARN_UNDECLARED_SELECTOR = YES;
				GCC_WARN_UNINITIALIZED_AUTOS = YES_AGGRESSIVE;
				GCC_WARN_UNUSED_FUNCTION = YES;
				GCC_WARN_UNUSED_VARIABLE = YES;
				IPHONEOS_DEPLOYMENT_TARGET = 9.2;
				MTL_ENABLE_DEBUG_INFO = YES;
				ONLY_ACTIVE_ARCH = YES;
				SDKROOT = iphoneos;
			};
			name = Debug;
		};
		5972651B1D8308B00067EFB0 /* Release */ = {
			isa = XCBuildConfiguration;
			buildSettings = {
				ALWAYS_SEARCH_USER_PATHS = NO;
				CLANG_CXX_LANGUAGE_STANDARD = "gnu++0x";
				CLANG_CXX_LIBRARY = "libc++";
				CLANG_ENABLE_MODULES = YES;
				CLANG_ENABLE_OBJC_ARC = YES;
				CLANG_WARN_BOOL_CONVERSION = YES;
				CLANG_WARN_CONSTANT_CONVERSION = YES;
				CLANG_WARN_DIRECT_OBJC_ISA_USAGE = YES_ERROR;
				CLANG_WARN_EMPTY_BODY = YES;
				CLANG_WARN_ENUM_CONVERSION = YES;
				CLANG_WARN_INT_CONVERSION = YES;
				CLANG_WARN_OBJC_ROOT_CLASS = YES_ERROR;
				CLANG_WARN_UNREACHABLE_CODE = YES;
				CLANG_WARN__DUPLICATE_METHOD_MATCH = YES;
				"CODE_SIGN_IDENTITY[sdk=iphoneos*]" = "iPhone Developer";
				COPY_PHASE_STRIP = NO;
				DEBUG_INFORMATION_FORMAT = "dwarf-with-dsym";
				ENABLE_NS_ASSERTIONS = NO;
				ENABLE_STRICT_OBJC_MSGSEND = YES;
				GCC_C_LANGUAGE_STANDARD = gnu99;
				GCC_NO_COMMON_BLOCKS = YES;
				GCC_WARN_64_TO_32_BIT_CONVERSION = YES;
				GCC_WARN_ABOUT_RETURN_TYPE = YES_ERROR;
				GCC_WARN_UNDECLARED_SELECTOR = YES;
				GCC_WARN_UNINITIALIZED_AUTOS = YES_AGGRESSIVE;
				GCC_WARN_UNUSED_FUNCTION = YES;
				GCC_WARN_UNUSED_VARIABLE = YES;
				IPHONEOS_DEPLOYMENT_TARGET = 9.2;
				MTL_ENABLE_DEBUG_INFO = NO;
				SDKROOT = iphoneos;
				VALIDATE_PRODUCT = YES;
			};
			name = Release;
		};
		5972651D1D8308B00067EFB0 /* Debug */ = {
			isa = XCBuildConfiguration;
			buildSettings = {
				ASSETCATALOG_COMPILER_APPICON_NAME = AppIcon;
				INFOPLIST_FILE = verificationCode/Info.plist;
				LD_RUNPATH_SEARCH_PATHS = "$(inherited) @executable_path/Frameworks";
				PRODUCT_BUNDLE_IDENTIFIER = work.sam.react.verificationCode;
				PRODUCT_NAME = "$(TARGET_NAME)";
			};
			name = Debug;
		};
		5972651E1D8308B00067EFB0 /* Release */ = {
			isa = XCBuildConfiguration;
			buildSettings = {
				ASSETCATALOG_COMPILER_APPICON_NAME = AppIcon;
				INFOPLIST_FILE = verificationCode/Info.plist;
				LD_RUNPATH_SEARCH_PATHS = "$(inherited) @executable_path/Frameworks";
				PRODUCT_BUNDLE_IDENTIFIER = work.sam.react.verificationCode;
				PRODUCT_NAME = "$(TARGET_NAME)";
			};
			name = Release;
		};
/* End XCBuildConfiguration section */

/* Begin XCConfigurationList section */
		597265001D8308AF0067EFB0 /* Build configuration list for PBXProject "verificationCode" */ = {
			isa = XCConfigurationList;
			buildConfigurations = (
				5972651A1D8308B00067EFB0 /* Debug */,
				5972651B1D8308B00067EFB0 /* Release */,
			);
			defaultConfigurationIsVisible = 0;
			defaultConfigurationName = Release;
		};
		5972651C1D8308B00067EFB0 /* Build configuration list for PBXNativeTarget "verificationCode" */ = {
			isa = XCConfigurationList;
			buildConfigurations = (
				5972651D1D8308B00067EFB0 /* Debug */,
				5972651E1D8308B00067EFB0 /* Release */,
			);
			defaultConfigurationIsVisible = 0;
		};
/* End XCConfigurationList section */
	};
	rootObject = 597264FD1D8308AF0067EFB0 /* Project object */;
}
